
Microsoft Visual Studio Solution File, Format Version 12.00
# Visual Studio Version 16
VisualStudioVersion = 16.0.31424.327
MinimumVisualStudioVersion = 10.0.40219.1
Project("{FAE04EC0-301F-11D3-BF4B-00C04F79EFBC}") = "EfCoreDebugViewProblem", "EfCoreDebugViewProblem\EfCoreDebugViewProblem.csproj", "{889CF05F-B18C-4215-AEF2-A11108D026E5}"
EndProject
Global
	GlobalSection(SolutionConfigurationPlatforms) = preSolution
		Debug|Any CPU = Debug|Any CPU
		Release|Any CPU = Release|Any CPU
	EndGlobalSection
	GlobalSection(ProjectConfigurationPlatforms) = postSolution
		{889CF05F-B18C-4215-AEF2-A11108D026E5}.Debug|Any CPU.ActiveCfg = Debug|Any CPU
		{889CF05F-B18C-4215-AEF2-A11108D026E5}.Debug|Any CPU.Build.0 = Debug|Any CPU
		{889CF05F-B18C-4215-AEF2-A11108D026E5}.Release|Any CPU.ActiveCfg = Release|Any CPU
		{889CF05F-B18C-4215-AEF2-A11108D026E5}.Release|Any CPU.Build.0 = Release|Any CPU
	EndGlobalSection
	GlobalSection(SolutionProperties) = preSolution
		HideSolutionNode = FALSE
	EndGlobalSection
	GlobalSection(ExtensibilityGlobals) = postSolution
		SolutionGuid = {1D638404-05CE-4A12-9578-26DF7C965A70}
	EndGlobalSection
EndGlobal
